
Microsoft Visual Studio Solution File, Format Version 12.00
# Visual Studio Version 17
VisualStudioVersion = 17.7.34031.279
MinimumVisualStudioVersion = 10.0.40219.1
Project("{8BC9CEB8-8B4A-11D0-8D11-00A0C91BC942}") = "Esercizio 2", "Esercizio 2\Esercizio 2.vcxproj", "{A3941168-EF2D-4B3A-9E80-1EEA705256F0}"
EndProject
Global
	GlobalSection(SolutionConfigurationPlatforms) = preSolution
		Debug|x64 = Debug|x64
		Debug|x86 = Debug|x86
		Release|x64 = Release|x64
		Release|x86 = Release|x86
	EndGlobalSection
	GlobalSection(ProjectConfigurationPlatforms) = postSolution
		{A3941168-EF2D-4B3A-9E80-1EEA705256F0}.Debug|x64.ActiveCfg = Debug|x64
		{A3941168-EF2D-4B3A-9E80-1EEA705256F0}.Debug|x64.Build.0 = Debug|x64
		{A3941168-EF2D-4B3A-9E80-1EEA705256F0}.Debug|x86.ActiveCfg = Debug|Win32
		{A3941168-EF2D-4B3A-9E80-1EEA705256F0}.Debug|x86.Build.0 = Debug|Win32
		{A3941168-EF2D-4B3A-9E80-1EEA705256F0}.Release|x64.ActiveCfg = Release|x64
		{A3941168-EF2D-4B3A-9E80-1EEA705256F0}.Release|x64.Build.0 = Release|x64
		{A3941168-EF2D-4B3A-9E80-1EEA705256F0}.Release|x86.ActiveCfg = Release|Win32
		{A3941168-EF2D-4B3A-9E80-1EEA705256F0}.Release|x86.Build.0 = Release|Win32
	EndGlobalSection
	GlobalSection(SolutionProperties) = preSolution
		HideSolutionNode = FALSE
	EndGlobalSection
	GlobalSection(ExtensibilityGlobals) = postSolution
		SolutionGuid = {5E2E1E30-42F2-4097-8E51-288C51956B14}
	EndGlobalSection
EndGlobal
